Microsoft Visual Studio Solution File, Format Version 11.00
# Visual Studio 2008

Project("{D87BFE91-4E23-3EA2-6B0F-722F1775E583}") = "Detectives5", "Assembly-CSharp.csproj", "{1AA066BB-DD96-497A-2129-F7183ECEDE29}"
EndProject
Project("{D87BFE91-4E23-3EA2-6B0F-722F1775E583}") = "Detectives5", "Assembly-CSharp-Editor.csproj", "{ED2DA3DF-2F7A-9C9A-582D-270D2AAE1CE6}"
EndProject
Global
	GlobalSection(SolutionConfigurationPlatforms) = preSolution
		Debug|Any CPU = Debug|Any CPU
		Release|Any CPU = Release|Any CPU
	EndGlobalSection
	GlobalSection(ProjectConfigurationPlatforms) = postSolution
		{1AA066BB-DD96-497A-2129-F7183ECEDE29}.Debug|Any CPU.ActiveCfg = Debug|Any CPU
		{1AA066BB-DD96-497A-2129-F7183ECEDE29}.Debug|Any CPU.Build.0 = Debug|Any CPU
		{1AA066BB-DD96-497A-2129-F7183ECEDE29}.Release|Any CPU.ActiveCfg = Release|Any CPU
		{1AA066BB-DD96-497A-2129-F7183ECEDE29}.Release|Any CPU.Build.0 = Release|Any CPU
		{ED2DA3DF-2F7A-9C9A-582D-270D2AAE1CE6}.Debug|Any CPU.ActiveCfg = Debug|Any CPU
		{ED2DA3DF-2F7A-9C9A-582D-270D2AAE1CE6}.Debug|Any CPU.Build.0 = Debug|Any CPU
		{ED2DA3DF-2F7A-9C9A-582D-270D2AAE1CE6}.Release|Any CPU.ActiveCfg = Release|Any CPU
		{ED2DA3DF-2F7A-9C9A-582D-270D2AAE1CE6}.Release|Any CPU.Build.0 = Release|Any CPU
	EndGlobalSection
	GlobalSection(SolutionProperties) = preSolution
		HideSolutionNode = FALSE
	EndGlobalSection
	GlobalSection(MonoDevelopProperties) = preSolution
		StartupItem = Assembly-CSharp.csproj
	EndGlobalSection
EndGlobal
