Microsoft Visual Studio Solution File, Format Version 11.00
# Visual Studio 2008

Project("{D87BFE91-4E23-3EA2-6B0F-722F1775E583}") = "Detectives5", "Assembly-CSharp.csproj", "{1AA066BB-DD96-497A-2129-F7183ECEDE29}"
EndProject
Project("{D87BFE91-4E23-3EA2-6B0F-722F1775E583}") = "Detectives5", "Assembly-CSharp-Editor-firstpass.csproj", "{C421C64E-DAC4-BBC0-080A-716CE1C8A237}"
EndProject
Global
	GlobalSection(SolutionConfigurationPlatforms) = preSolution
		Debug|Any CPU = Debug|Any CPU
		Release|Any CPU = Release|Any CPU
	EndGlobalSection
	GlobalSection(ProjectConfigurationPlatforms) = postSolution
		{1AA066BB-DD96-497A-2129-F7183ECEDE29}.Debug|Any CPU.ActiveCfg = Debug|Any CPU
		{1AA066BB-DD96-497A-2129-F7183ECEDE29}.Debug|Any CPU.Build.0 = Debug|Any CPU
		{1AA066BB-DD96-497A-2129-F7183ECEDE29}.Release|Any CPU.ActiveCfg = Release|Any CPU
		{1AA066BB-DD96-497A-2129-F7183ECEDE29}.Release|Any CPU.Build.0 = Release|Any CPU
		{C421C64E-DAC4-BBC0-080A-716CE1C8A237}.Debug|Any CPU.ActiveCfg = Debug|Any CPU
		{C421C64E-DAC4-BBC0-080A-716CE1C8A237}.Debug|Any CPU.Build.0 = Debug|Any CPU
		{C421C64E-DAC4-BBC0-080A-716CE1C8A237}.Release|Any CPU.ActiveCfg = Release|Any CPU
		{C421C64E-DAC4-BBC0-080A-716CE1C8A237}.Release|Any CPU.Build.0 = Release|Any CPU
	EndGlobalSection
	GlobalSection(SolutionProperties) = preSolution
		HideSolutionNode = FALSE
	EndGlobalSection
	GlobalSection(MonoDevelopProperties) = preSolution
		StartupItem = Assembly-CSharp.csproj
>>>>>>> 99f5064f50450810178b080d1559ffed0f0aadbf
	EndGlobalSection
EndGlobal
